
Microsoft Visual Studio Solution File, Format Version 12.00
# Visual Studio Version 16
VisualStudioVersion = 16.0.29728.190
MinimumVisualStudioVersion = 10.0.40219.1
Project("{9A19103F-16F7-4668-BE54-9A1E7A4F7556}") = "AngularAula", "AngularAula\AngularAula.csproj", "{DC41DDFD-5582-4DB3-AF2C-3691784347E9}"
EndProject
Project("{FAE04EC0-301F-11D3-BF4B-00C04F79EFBC}") = "Domain", "Domain\Domain.csproj", "{6F689FCB-AD0A-4835-9EC3-8B3099BD7784}"
EndProject
Project("{FAE04EC0-301F-11D3-BF4B-00C04F79EFBC}") = "Repository", "Repository\Repository.csproj", "{B4AD74E8-21FE-4F9E-807D-7AE9E67F1D27}"
EndProject
Global
	GlobalSection(SolutionConfigurationPlatforms) = preSolution
		Debug|Any CPU = Debug|Any CPU
		Release|Any CPU = Release|Any CPU
	EndGlobalSection
	GlobalSection(ProjectConfigurationPlatforms) = postSolution
		{DC41DDFD-5582-4DB3-AF2C-3691784347E9}.Debug|Any CPU.ActiveCfg = Debug|Any CPU
		{DC41DDFD-5582-4DB3-AF2C-3691784347E9}.Debug|Any CPU.Build.0 = Debug|Any CPU
		{DC41DDFD-5582-4DB3-AF2C-3691784347E9}.Release|Any CPU.ActiveCfg = Release|Any CPU
		{DC41DDFD-5582-4DB3-AF2C-3691784347E9}.Release|Any CPU.Build.0 = Release|Any CPU
		{6F689FCB-AD0A-4835-9EC3-8B3099BD7784}.Debug|Any CPU.ActiveCfg = Debug|Any CPU
		{6F689FCB-AD0A-4835-9EC3-8B3099BD7784}.Debug|Any CPU.Build.0 = Debug|Any CPU
		{6F689FCB-AD0A-4835-9EC3-8B3099BD7784}.Release|Any CPU.ActiveCfg = Release|Any CPU
		{6F689FCB-AD0A-4835-9EC3-8B3099BD7784}.Release|Any CPU.Build.0 = Release|Any CPU
		{B4AD74E8-21FE-4F9E-807D-7AE9E67F1D27}.Debug|Any CPU.ActiveCfg = Debug|Any CPU
		{B4AD74E8-21FE-4F9E-807D-7AE9E67F1D27}.Debug|Any CPU.Build.0 = Debug|Any CPU
		{B4AD74E8-21FE-4F9E-807D-7AE9E67F1D27}.Release|Any CPU.ActiveCfg = Release|Any CPU
		{B4AD74E8-21FE-4F9E-807D-7AE9E67F1D27}.Release|Any CPU.Build.0 = Release|Any CPU
	EndGlobalSection
	GlobalSection(SolutionProperties) = preSolution
		HideSolutionNode = FALSE
	EndGlobalSection
	GlobalSection(ExtensibilityGlobals) = postSolution
		SolutionGuid = {572975BF-B6D0-4DBB-8C5E-FE75F544E3F2}
	EndGlobalSection
EndGlobal
